
Microsoft Visual Studio Solution File, Format Version 12.00
# Visual Studio Version 16
VisualStudioVersion = 16.0.30517.126
MinimumVisualStudioVersion = 10.0.40219.1
Project("{8BC9CEB8-8B4A-11D0-8D11-00A0C91BC942}") = "HW", "HW\HW.vcxproj", "{27A6929C-937D-47F9-B6A0-08895EAC1003}"
EndProject
Global
	GlobalSection(SolutionConfigurationPlatforms) = preSolution
		Debug|x64 = Debug|x64
		Debug|x86 = Debug|x86
		Release|x64 = Release|x64
		Release|x86 = Release|x86
	EndGlobalSection
	GlobalSection(ProjectConfigurationPlatforms) = postSolution
		{27A6929C-937D-47F9-B6A0-08895EAC1003}.Debug|x64.ActiveCfg = Debug|x64
		{27A6929C-937D-47F9-B6A0-08895EAC1003}.Debug|x64.Build.0 = Debug|x64
		{27A6929C-937D-47F9-B6A0-08895EAC1003}.Debug|x86.ActiveCfg = Debug|Win32
		{27A6929C-937D-47F9-B6A0-08895EAC1003}.Debug|x86.Build.0 = Debug|Win32
		{27A6929C-937D-47F9-B6A0-08895EAC1003}.Release|x64.ActiveCfg = Release|x64
		{27A6929C-937D-47F9-B6A0-08895EAC1003}.Release|x64.Build.0 = Release|x64
		{27A6929C-937D-47F9-B6A0-08895EAC1003}.Release|x86.ActiveCfg = Release|Win32
		{27A6929C-937D-47F9-B6A0-08895EAC1003}.Release|x86.Build.0 = Release|Win32
	EndGlobalSection
	GlobalSection(SolutionProperties) = preSolution
		HideSolutionNode = FALSE
	EndGlobalSection
	GlobalSection(ExtensibilityGlobals) = postSolution
		SolutionGuid = {66F33642-D58A-4FA3-8BEC-3D45D506ABA7}
	EndGlobalSection
EndGlobal
